// !$*UTF8*$!
{
	archiveVersion = 1;
	classes = {
	};
	objectVersion = 56;
	objects = {

/* Begin PBXBuildFile section */
		099E7A1829FFEF9D0089417D /* CertificateAPPApp.swift in Sources */ = {isa = PBXBuildFile; fileRef = 099E7A1729FFEF9D0089417D /* CertificateAPPApp.swift */; };
		099E7A1A29FFEF9D0089417D /* ContentView.swift in Sources */ = {isa = PBXBuildFile; fileRef = 099E7A1929FFEF9D0089417D /* ContentView.swift */; };
		099E7A1C29FFEF9E0089417D /* Assets.xcassets in Resources */ = {isa = PBXBuildFile; fileRef = 099E7A1B29FFEF9E0089417D /* Assets.xcassets */; };
		099E7A1F29FFEF9E0089417D /* Preview Assets.xcassets in Resources */ = {isa = PBXBuildFile; fileRef = 099E7A1E29FFEF9E0089417D /* Preview Assets.xcassets */; };
		099E7A2729FFF1390089417D /* AccountBackground.swift in Sources */ = {isa = PBXBuildFile; fileRef = 099E7A2629FFF1390089417D /* AccountBackground.swift */; };
		099E7A2929FFF1400089417D /* VisualEffectBlur.swift in Sources */ = {isa = PBXBuildFile; fileRef = 099E7A2829FFF1400089417D /* VisualEffectBlur.swift */; };
		099E7A2B29FFF2A50089417D /* TrackableScrollView.swift in Sources */ = {isa = PBXBuildFile; fileRef = 099E7A2A29FFF2A50089417D /* TrackableScrollView.swift */; };
		099E7A2D29FFF87F0089417D /* MenuRow.swift in Sources */ = {isa = PBXBuildFile; fileRef = 099E7A2C29FFF87F0089417D /* MenuRow.swift */; };
		099E7A2F29FFF9920089417D /* GradientIcon.swift in Sources */ = {isa = PBXBuildFile; fileRef = 099E7A2E29FFF9920089417D /* GradientIcon.swift */; };
		099E7A312A0001C00089417D /* FAQView.swift in Sources */ = {isa = PBXBuildFile; fileRef = 099E7A302A0001C00089417D /* FAQView.swift */; };
		099E7A332A0001CC0089417D /* PackagesView.swift in Sources */ = {isa = PBXBuildFile; fileRef = 099E7A322A0001CC0089417D /* PackagesView.swift */; };
		099E7A3B2A00E0DE0089417D /* Package.swift in Sources */ = {isa = PBXBuildFile; fileRef = 099E7A3A2A00E0DE0089417D /* Package.swift */; };
		099E7A3D2A00E0EF0089417D /* Certificate.swift in Sources */ = {isa = PBXBuildFile; fileRef = 099E7A3C2A00E0EF0089417D /* Certificate.swift */; };
		099E7A3F2A00E0F80089417D /* FAQ.swift in Sources */ = {isa = PBXBuildFile; fileRef = 099E7A3E2A00E0F80089417D /* FAQ.swift */; };
		099E7A412A00E17E0089417D /* PackageRow.swift in Sources */ = {isa = PBXBuildFile; fileRef = 099E7A402A00E17E0089417D /* PackageRow.swift */; };
		099E7A442A00E7E50089417D /* faqData.json in Resources */ = {isa = PBXBuildFile; fileRef = 099E7A432A00E7E50089417D /* faqData.json */; };
		099E7A462A00E8570089417D /* ModelData.swift in Sources */ = {isa = PBXBuildFile; fileRef = 099E7A452A00E8570089417D /* ModelData.swift */; };
		099E7A482A00E9AC0089417D /* FAQrow.swift in Sources */ = {isa = PBXBuildFile; fileRef = 099E7A472A00E9AC0089417D /* FAQrow.swift */; };
/* End PBXBuildFile section */

/* Begin PBXFileReference section */
		099E7A1429FFEF9D0089417D /* CertificateAPP.app */ = {isa = PBXFileReference; explicitFileType = wrapper.application; includeInIndex = 0; path = CertificateAPP.app; sourceTree = BUILT_PRODUCTS_DIR; };
		099E7A1729FFEF9D0089417D /* CertificateAPPApp.swift */ = {isa = PBXFileReference; lastKnownFileType = sourcecode.swift; path = CertificateAPPApp.swift; sourceTree = "<group>"; };
		099E7A1929FFEF9D0089417D /* ContentView.swift */ = {isa = PBXFileReference; lastKnownFileType = sourcecode.swift; path = ContentView.swift; sourceTree = "<group>"; };
		099E7A1B29FFEF9E0089417D /* Assets.xcassets */ = {isa = PBXFileReference; lastKnownFileType = folder.assetcatalog; path = Assets.xcassets; sourceTree = "<group>"; };
		099E7A1E29FFEF9E0089417D /* Preview Assets.xcassets */ = {isa = PBXFileReference; lastKnownFileType = folder.assetcatalog; path = "Preview Assets.xcassets"; sourceTree = "<group>"; };
		099E7A2629FFF1390089417D /* AccountBackground.swift */ = {isa = PBXFileReference; fileEncoding = 4; lastKnownFileType = sourcecode.swift; path = AccountBackground.swift; sourceTree = "<group>"; };
		099E7A2829FFF1400089417D /* VisualEffectBlur.swift */ = {isa = PBXFileReference; fileEncoding = 4; lastKnownFileType = sourcecode.swift; path = VisualEffectBlur.swift; sourceTree = "<group>"; };
		099E7A2A29FFF2A50089417D /* TrackableScrollView.swift */ = {isa = PBXFileReference; lastKnownFileType = sourcecode.swift; path = TrackableScrollView.swift; sourceTree = "<group>"; };
		099E7A2C29FFF87F0089417D /* MenuRow.swift */ = {isa = PBXFileReference; lastKnownFileType = sourcecode.swift; path = MenuRow.swift; sourceTree = "<group>"; };
		099E7A2E29FFF9920089417D /* GradientIcon.swift */ = {isa = PBXFileReference; lastKnownFileType = sourcecode.swift; path = GradientIcon.swift; sourceTree = "<group>"; };
		099E7A302A0001C00089417D /* FAQView.swift */ = {isa = PBXFileReference; lastKnownFileType = sourcecode.swift; path = FAQView.swift; sourceTree = "<group>"; };
		099E7A322A0001CC0089417D /* PackagesView.swift */ = {isa = PBXFileReference; lastKnownFileType = sourcecode.swift; path = PackagesView.swift; sourceTree = "<group>"; };
		099E7A3A2A00E0DE0089417D /* Package.swift */ = {isa = PBXFileReference; lastKnownFileType = sourcecode.swift; path = Package.swift; sourceTree = "<group>"; };
		099E7A3C2A00E0EF0089417D /* Certificate.swift */ = {isa = PBXFileReference; lastKnownFileType = sourcecode.swift; path = Certificate.swift; sourceTree = "<group>"; };
		099E7A3E2A00E0F80089417D /* FAQ.swift */ = {isa = PBXFileReference; lastKnownFileType = sourcecode.swift; path = FAQ.swift; sourceTree = "<group>"; };
		099E7A402A00E17E0089417D /* PackageRow.swift */ = {isa = PBXFileReference; lastKnownFileType = sourcecode.swift; path = PackageRow.swift; sourceTree = "<group>"; };
		099E7A432A00E7E50089417D /* faqData.json */ = {isa = PBXFileReference; lastKnownFileType = text.json; path = faqData.json; sourceTree = "<group>"; };
		099E7A452A00E8570089417D /* ModelData.swift */ = {isa = PBXFileReference; lastKnownFileType = sourcecode.swift; path = ModelData.swift; sourceTree = "<group>"; };
		099E7A472A00E9AC0089417D /* FAQrow.swift */ = {isa = PBXFileReference; lastKnownFileType = sourcecode.swift; path = FAQrow.swift; sourceTree = "<group>"; };
/* End PBXFileReference section */

/* Begin PBXFrameworksBuildPhase section */
		099E7A1129FFEF9D0089417D /* Frameworks */ = {
			isa = PBXFrameworksBuildPhase;
			buildActionMask = 2147483647;
			files = (
			);
			runOnlyForDeploymentPostprocessing = 0;
		};
/* End PBXFrameworksBuildPhase section */

/* Begin PBXGroup section */
		099E7A0B29FFEF9D0089417D = {
			isa = PBXGroup;
			children = (
				099E7A1629FFEF9D0089417D /* CertificateAPP */,
				099E7A1529FFEF9D0089417D /* Products */,
			);
			sourceTree = "<group>";
		};
		099E7A1529FFEF9D0089417D /* Products */ = {
			isa = PBXGroup;
			children = (
				099E7A1429FFEF9D0089417D /* CertificateAPP.app */,
			);
			name = Products;
			sourceTree = "<group>";
		};
		099E7A1629FFEF9D0089417D /* CertificateAPP */ = {
			isa = PBXGroup;
			children = (
				099E7A422A00E7B20089417D /* Resources */,
				099E7A392A00E0BF0089417D /* Models */,
				099E7A372A00020F0089417D /* Components */,
				099E7A362A0002040089417D /* Utils */,
				099E7A342A0001D60089417D /* Views */,
				099E7A2529FFF12C0089417D /* Graphics */,
				099E7A1729FFEF9D0089417D /* CertificateAPPApp.swift */,
				099E7A1929FFEF9D0089417D /* ContentView.swift */,
				099E7A1B29FFEF9E0089417D /* Assets.xcassets */,
				099E7A1D29FFEF9E0089417D /* Preview Content */,
			);
			path = CertificateAPP;
			sourceTree = "<group>";
		};
		099E7A1D29FFEF9E0089417D /* Preview Content */ = {
			isa = PBXGroup;
			children = (
				099E7A1E29FFEF9E0089417D /* Preview Assets.xcassets */,
			);
			path = "Preview Content";
			sourceTree = "<group>";
		};
		099E7A2529FFF12C0089417D /* Graphics */ = {
			isa = PBXGroup;
			children = (
				099E7A2629FFF1390089417D /* AccountBackground.swift */,
				099E7A2829FFF1400089417D /* VisualEffectBlur.swift */,
			);
			path = Graphics;
			sourceTree = "<group>";
		};
		099E7A342A0001D60089417D /* Views */ = {
			isa = PBXGroup;
			children = (
				099E7A322A0001CC0089417D /* PackagesView.swift */,
				099E7A302A0001C00089417D /* FAQView.swift */,
			);
			path = Views;
			sourceTree = "<group>";
		};
		099E7A352A0001E40089417D /* Rows */ = {
			isa = PBXGroup;
			children = (
				099E7A2C29FFF87F0089417D /* MenuRow.swift */,
				099E7A402A00E17E0089417D /* PackageRow.swift */,
				099E7A472A00E9AC0089417D /* FAQrow.swift */,
			);
			name = Rows;
			path = ..;
			sourceTree = "<group>";
		};
		099E7A362A0002040089417D /* Utils */ = {
			isa = PBXGroup;
			children = (
				099E7A2A29FFF2A50089417D /* TrackableScrollView.swift */,
				099E7A452A00E8570089417D /* ModelData.swift */,
			);
			path = Utils;
			sourceTree = "<group>";
		};
		099E7A372A00020F0089417D /* Components */ = {
			isa = PBXGroup;
			children = (
				099E7A382A00022B0089417D /* Other */,
				099E7A352A0001E40089417D /* Rows */,
			);
			path = Components;
			sourceTree = "<group>";
		};
		099E7A382A00022B0089417D /* Other */ = {
			isa = PBXGroup;
			children = (
				099E7A2E29FFF9920089417D /* GradientIcon.swift */,
			);
			path = Other;
			sourceTree = "<group>";
		};
		099E7A392A00E0BF0089417D /* Models */ = {
			isa = PBXGroup;
			children = (
				099E7A3A2A00E0DE0089417D /* Package.swift */,
				099E7A3C2A00E0EF0089417D /* Certificate.swift */,
				099E7A3E2A00E0F80089417D /* FAQ.swift */,
			);
			path = Models;
			sourceTree = "<group>";
		};
		099E7A422A00E7B20089417D /* Resources */ = {
			isa = PBXGroup;
			children = (
				099E7A432A00E7E50089417D /* faqData.json */,
			);
			path = Resources;
			sourceTree = "<group>";
		};
/* End PBXGroup section */

/* Begin PBXNativeTarget section */
		099E7A1329FFEF9D0089417D /* CertificateAPP */ = {
			isa = PBXNativeTarget;
			buildConfigurationList = 099E7A2229FFEF9E0089417D /* Build configuration list for PBXNativeTarget "CertificateAPP" */;
			buildPhases = (
				099E7A1029FFEF9D0089417D /* Sources */,
				099E7A1129FFEF9D0089417D /* Frameworks */,
				099E7A1229FFEF9D0089417D /* Resources */,
			);
			buildRules = (
			);
			dependencies = (
			);
			name = CertificateAPP;
			productName = CertificateAPP;
			productReference = 099E7A1429FFEF9D0089417D /* CertificateAPP.app */;
			productType = "com.apple.product-type.application";
		};
/* End PBXNativeTarget section */

/* Begin PBXProject section */
		099E7A0C29FFEF9D0089417D /* Project object */ = {
			isa = PBXProject;
			attributes = {
				BuildIndependentTargetsInParallel = 1;
				LastSwiftUpdateCheck = 1430;
				LastUpgradeCheck = 1430;
				TargetAttributes = {
					099E7A1329FFEF9D0089417D = {
						CreatedOnToolsVersion = 14.3;
					};
				};
			};
			buildConfigurationList = 099E7A0F29FFEF9D0089417D /* Build configuration list for PBXProject "CertificateAPP" */;
			compatibilityVersion = "Xcode 14.0";
			developmentRegion = en;
			hasScannedForEncodings = 0;
			knownRegions = (
				en,
				Base,
			);
			mainGroup = 099E7A0B29FFEF9D0089417D;
			productRefGroup = 099E7A1529FFEF9D0089417D /* Products */;
			projectDirPath = "";
			projectRoot = "";
			targets = (
				099E7A1329FFEF9D0089417D /* CertificateAPP */,
			);
		};
/* End PBXProject section */

/* Begin PBXResourcesBuildPhase section */
		099E7A1229FFEF9D0089417D /* Resources */ = {
			isa = PBXResourcesBuildPhase;
			buildActionMask = 2147483647;
			files = (
				099E7A1F29FFEF9E0089417D /* Preview Assets.xcassets in Resources */,
				099E7A1C29FFEF9E0089417D /* Assets.xcassets in Resources */,
				099E7A442A00E7E50089417D /* faqData.json in Resources */,
			);
			runOnlyForDeploymentPostprocessing = 0;
		};
/* End PBXResourcesBuildPhase section */

/* Begin PBXSourcesBuildPhase section */
		099E7A1029FFEF9D0089417D /* Sources */ = {
			isa = PBXSourcesBuildPhase;
			buildActionMask = 2147483647;
			files = (
				099E7A1A29FFEF9D0089417D /* ContentView.swift in Sources */,
				099E7A412A00E17E0089417D /* PackageRow.swift in Sources */,
				099E7A2B29FFF2A50089417D /* TrackableScrollView.swift in Sources */,
				099E7A2729FFF1390089417D /* AccountBackground.swift in Sources */,
				099E7A312A0001C00089417D /* FAQView.swift in Sources */,
				099E7A332A0001CC0089417D /* PackagesView.swift in Sources */,
				099E7A2F29FFF9920089417D /* GradientIcon.swift in Sources */,
				099E7A3B2A00E0DE0089417D /* Package.swift in Sources */,
				099E7A3D2A00E0EF0089417D /* Certificate.swift in Sources */,
				099E7A3F2A00E0F80089417D /* FAQ.swift in Sources */,
				099E7A1829FFEF9D0089417D /* CertificateAPPApp.swift in Sources */,
				099E7A2929FFF1400089417D /* VisualEffectBlur.swift in Sources */,
				099E7A2D29FFF87F0089417D /* MenuRow.swift in Sources */,
				099E7A482A00E9AC0089417D /* FAQrow.swift in Sources */,
				099E7A462A00E8570089417D /* ModelData.swift in Sources */,
			);
			runOnlyForDeploymentPostprocessing = 0;
		};
/* End PBXSourcesBuildPhase section */

/* Begin XCBuildConfiguration section */
		099E7A2029FFEF9E0089417D /* Debug */ = {
			isa = XCBuildConfiguration;
			buildSettings = {
				ALWAYS_SEARCH_USER_PATHS = NO;
				CLANG_ANALYZER_NONNULL = YES;
				CLANG_ANALYZER_NUMBER_OBJECT_CONVERSION = YES_AGGRESSIVE;
				CLANG_CXX_LANGUAGE_STANDARD = "gnu++20";
				CLANG_ENABLE_MODULES = YES;
				CLANG_ENABLE_OBJC_ARC = YES;
				CLANG_ENABLE_OBJC_WEAK = YES;
				CLANG_WARN_BLOCK_CAPTURE_AUTORELEASING = YES;
				CLANG_WARN_BOOL_CONVERSION = YES;
				CLANG_WARN_COMMA = YES;
				CLANG_WARN_CONSTANT_CONVERSION = YES;
				CLANG_WARN_DEPRECATED_OBJC_IMPLEMENTATIONS = YES;
				CLANG_WARN_DIRECT_OBJC_ISA_USAGE = YES_ERROR;
				CLANG_WARN_DOCUMENTATION_COMMENTS = YES;
				CLANG_WARN_EMPTY_BODY = YES;
				CLANG_WARN_ENUM_CONVERSION = YES;
				CLANG_WARN_INFINITE_RECURSION = YES;
				CLANG_WARN_INT_CONVERSION = YES;
				CLANG_WARN_NON_LITERAL_NULL_CONVERSION = YES;
				CLANG_WARN_OBJC_IMPLICIT_RETAIN_SELF = YES;
				CLANG_WARN_OBJC_LITERAL_CONVERSION = YES;
				CLANG_WARN_OBJC_ROOT_CLASS = YES_ERROR;
				CLANG_WARN_QUOTED_INCLUDE_IN_FRAMEWORK_HEADER = YES;
				CLANG_WARN_RANGE_LOOP_ANALYSIS = YES;
				CLANG_WARN_STRICT_PROTOTYPES = YES;
				CLANG_WARN_SUSPICIOUS_MOVE = YES;
				CLANG_WARN_UNGUARDED_AVAILABILITY = YES_AGGRESSIVE;
				CLANG_WARN_UNREACHABLE_CODE = YES;
				CLANG_WARN__DUPLICATE_METHOD_MATCH = YES;
				COPY_PHASE_STRIP = NO;
				DEBUG_INFORMATION_FORMAT = dwarf;
				ENABLE_STRICT_OBJC_MSGSEND = YES;
				ENABLE_TESTABILITY = YES;
				GCC_C_LANGUAGE_STANDARD = gnu11;
				GCC_DYNAMIC_NO_PIC = NO;
				GCC_NO_COMMON_BLOCKS = YES;
				GCC_OPTIMIZATION_LEVEL = 0;
				GCC_PREPROCESSOR_DEFINITIONS = (
					"DEBUG=1",
					"$(inherited)",
				);
				GCC_WARN_64_TO_32_BIT_CONVERSION = YES;
				GCC_WARN_ABOUT_RETURN_TYPE = YES_ERROR;
				GCC_WARN_UNDECLARED_SELECTOR = YES;
				GCC_WARN_UNINITIALIZED_AUTOS = YES_AGGRESSIVE;
				GCC_WARN_UNUSED_FUNCTION = YES;
				GCC_WARN_UNUSED_VARIABLE = YES;
				IPHONEOS_DEPLOYMENT_TARGET = 16.4;
				MTL_ENABLE_DEBUG_INFO = INCLUDE_SOURCE;
				MTL_FAST_MATH = YES;
				ONLY_ACTIVE_ARCH = YES;
				SDKROOT = iphoneos;
				SWIFT_ACTIVE_COMPILATION_CONDITIONS = DEBUG;
				SWIFT_OPTIMIZATION_LEVEL = "-Onone";
			};
			name = Debug;
		};
		099E7A2129FFEF9E0089417D /* Release */ = {
			isa = XCBuildConfiguration;
			buildSettings = {
				ALWAYS_SEARCH_USER_PATHS = NO;
				CLANG_ANALYZER_NONNULL = YES;
				CLANG_ANALYZER_NUMBER_OBJECT_CONVERSION = YES_AGGRESSIVE;
				CLANG_CXX_LANGUAGE_STANDARD = "gnu++20";
				CLANG_ENABLE_MODULES = YES;
				CLANG_ENABLE_OBJC_ARC = YES;
				CLANG_ENABLE_OBJC_WEAK = YES;
				CLANG_WARN_BLOCK_CAPTURE_AUTORELEASING = YES;
				CLANG_WARN_BOOL_CONVERSION = YES;
				CLANG_WARN_COMMA = YES;
				CLANG_WARN_CONSTANT_CONVERSION = YES;
				CLANG_WARN_DEPRECATED_OBJC_IMPLEMENTATIONS = YES;
				CLANG_WARN_DIRECT_OBJC_ISA_USAGE = YES_ERROR;
				CLANG_WARN_DOCUMENTATION_COMMENTS = YES;
				CLANG_WARN_EMPTY_BODY = YES;
				CLANG_WARN_ENUM_CONVERSION = YES;
				CLANG_WARN_INFINITE_RECURSION = YES;
				CLANG_WARN_INT_CONVERSION = YES;
				CLANG_WARN_NON_LITERAL_NULL_CONVERSION = YES;
				CLANG_WARN_OBJC_IMPLICIT_RETAIN_SELF = YES;
				CLANG_WARN_OBJC_LITERAL_CONVERSION = YES;
				CLANG_WARN_OBJC_ROOT_CLASS = YES_ERROR;
				CLANG_WARN_QUOTED_INCLUDE_IN_FRAMEWORK_HEADER = YES;
				CLANG_WARN_RANGE_LOOP_ANALYSIS = YES;
				CLANG_WARN_STRICT_PROTOTYPES = YES;
				CLANG_WARN_SUSPICIOUS_MOVE = YES;
				CLANG_WARN_UNGUARDED_AVAILABILITY = YES_AGGRESSIVE;
				CLANG_WARN_UNREACHABLE_CODE = YES;
				CLANG_WARN__DUPLICATE_METHOD_MATCH = YES;
				COPY_PHASE_STRIP = NO;
				DEBUG_INFORMATION_FORMAT = "dwarf-with-dsym";
				ENABLE_NS_ASSERTIONS = NO;
				ENABLE_STRICT_OBJC_MSGSEND = YES;
				GCC_C_LANGUAGE_STANDARD = gnu11;
				GCC_NO_COMMON_BLOCKS = YES;
				GCC_WARN_64_TO_32_BIT_CONVERSION = YES;
				GCC_WARN_ABOUT_RETURN_TYPE = YES_ERROR;
				GCC_WARN_UNDECLARED_SELECTOR = YES;
				GCC_WARN_UNINITIALIZED_AUTOS = YES_AGGRESSIVE;
				GCC_WARN_UNUSED_FUNCTION = YES;
				GCC_WARN_UNUSED_VARIABLE = YES;
				IPHONEOS_DEPLOYMENT_TARGET = 16.4;
				MTL_ENABLE_DEBUG_INFO = NO;
				MTL_FAST_MATH = YES;
				SDKROOT = iphoneos;
				SWIFT_COMPILATION_MODE = wholemodule;
				SWIFT_OPTIMIZATION_LEVEL = "-O";
				VALIDATE_PRODUCT = YES;
			};
			name = Release;
		};
		099E7A2329FFEF9E0089417D /* Debug */ = {
			isa = XCBuildConfiguration;
			buildSettings = {
				ASSETCATALOG_COMPILER_APPICON_NAME = AppIcon;
				ASSETCATALOG_COMPILER_GLOBAL_ACCENT_COLOR_NAME = AccentColor;
				CODE_SIGN_STYLE = Automatic;
				CURRENT_PROJECT_VERSION = 1;
				DEVELOPMENT_ASSET_PATHS = "\"CertificateAPP/Preview Content\"";
				DEVELOPMENT_TEAM = XZ3GM4S56F;
				ENABLE_PREVIEWS = YES;
				GENERATE_INFOPLIST_FILE = YES;
				INFOPLIST_KEY_UIApplicationSceneManifest_Generation = YES;
				INFOPLIST_KEY_UIApplicationSupportsIndirectInputEvents = YES;
				INFOPLIST_KEY_UILaunchScreen_Generation = YES;
				INFOPLIST_KEY_UISupportedInterfaceOrientations_iPad = "UIInterfaceOrientationPortrait UIInterfaceOrientationPortraitUpsideDown UIInterfaceOrientationLandscapeLeft UIInterfaceOrientationLandscapeRight";
				INFOPLIST_KEY_UISupportedInterfaceOrientations_iPhone = "UIInterfaceOrientationPortrait UIInterfaceOrientationLandscapeLeft UIInterfaceOrientationLandscapeRight";
				LD_RUNPATH_SEARCH_PATHS = (
					"$(inherited)",
					"@executable_path/Frameworks",
				);
				MARKETING_VERSION = 1.0;
				PRODUCT_BUNDLE_IDENTIFIER = shotikoKlibadze.CertificateAPP;
				PRODUCT_NAME = "$(TARGET_NAME)";
				SWIFT_EMIT_LOC_STRINGS = YES;
				SWIFT_VERSION = 5.0;
				TARGETED_DEVICE_FAMILY = "1,2";
			};
			name = Debug;
		};
		099E7A2429FFEF9E0089417D /* Release */ = {
			isa = XCBuildConfiguration;
			buildSettings = {
				ASSETCATALOG_COMPILER_APPICON_NAME = AppIcon;
				ASSETCATALOG_COMPILER_GLOBAL_ACCENT_COLOR_NAME = AccentColor;
				CODE_SIGN_STYLE = Automatic;
				CURRENT_PROJECT_VERSION = 1;
				DEVELOPMENT_ASSET_PATHS = "\"CertificateAPP/Preview Content\"";
				DEVELOPMENT_TEAM = XZ3GM4S56F;
				ENABLE_PREVIEWS = YES;
				GENERATE_INFOPLIST_FILE = YES;
				INFOPLIST_KEY_UIApplicationSceneManifest_Generation = YES;
				INFOPLIST_KEY_UIApplicationSupportsIndirectInputEvents = YES;
				INFOPLIST_KEY_UILaunchScreen_Generation = YES;
				INFOPLIST_KEY_UISupportedInterfaceOrientations_iPad = "UIInterfaceOrientationPortrait UIInterfaceOrientationPortraitUpsideDown UIInterfaceOrientationLandscapeLeft UIInterfaceOrientationLandscapeRight";
				INFOPLIST_KEY_UISupportedInterfaceOrientations_iPhone = "UIInterfaceOrientationPortrait UIInterfaceOrientationLandscapeLeft UIInterfaceOrientationLandscapeRight";
				LD_RUNPATH_SEARCH_PATHS = (
					"$(inherited)",
					"@executable_path/Frameworks",
				);
				MARKETING_VERSION = 1.0;
				PRODUCT_BUNDLE_IDENTIFIER = shotikoKlibadze.CertificateAPP;
				PRODUCT_NAME = "$(TARGET_NAME)";
				SWIFT_EMIT_LOC_STRINGS = YES;
				SWIFT_VERSION = 5.0;
				TARGETED_DEVICE_FAMILY = "1,2";
			};
			name = Release;
		};
/* End XCBuildConfiguration section */

/* Begin XCConfigurationList section */
		099E7A0F29FFEF9D0089417D /* Build configuration list for PBXProject "CertificateAPP" */ = {
			isa = XCConfigurationList;
			buildConfigurations = (
				099E7A2029FFEF9E0089417D /* Debug */,
				099E7A2129FFEF9E0089417D /* Release */,
			);
			defaultConfigurationIsVisible = 0;
			defaultConfigurationName = Release;
		};
		099E7A2229FFEF9E0089417D /* Build configuration list for PBXNativeTarget "CertificateAPP" */ = {
			isa = XCConfigurationList;
			buildConfigurations = (
				099E7A2329FFEF9E0089417D /* Debug */,
				099E7A2429FFEF9E0089417D /* Release */,
			);
			defaultConfigurationIsVisible = 0;
			defaultConfigurationName = Release;
		};
/* End XCConfigurationList section */
	};
	rootObject = 099E7A0C29FFEF9D0089417D /* Project object */;
}
